// !$*UTF8*$!
{
	archiveVersion = 1;
	classes = {
	};
	objectVersion = 56;
	objects = {

/* Begin PBXBuildFile section */
		2D0B8E9C2B4D77CF0013E8CD /* UnsplashImage.swift in Sources */ = {isa = PBXBuildFile; fileRef = 2D0B8E9B2B4D77CF0013E8CD /* UnsplashImage.swift */; };
		2D3342EC2B44CE4D0044C6C0 /* AppDelegate.swift in Sources */ = {isa = PBXBuildFile; fileRef = 2D3342EB2B44CE4D0044C6C0 /* AppDelegate.swift */; };
		2D3342EE2B44CE4D0044C6C0 /* SceneDelegate.swift in Sources */ = {isa = PBXBuildFile; fileRef = 2D3342ED2B44CE4D0044C6C0 /* SceneDelegate.swift */; };
		2D3342F02B44CE4D0044C6C0 /* ViewController.swift in Sources */ = {isa = PBXBuildFile; fileRef = 2D3342EF2B44CE4D0044C6C0 /* ViewController.swift */; };
		2D3342F52B44CE4E0044C6C0 /* Assets.xcassets in Resources */ = {isa = PBXBuildFile; fileRef = 2D3342F42B44CE4E0044C6C0 /* Assets.xcassets */; };
		2D3343032B44CE4F0044C6C0 /* CountriesTests.swift in Sources */ = {isa = PBXBuildFile; fileRef = 2D3343022B44CE4F0044C6C0 /* CountriesTests.swift */; };
		2D33430D2B44CE4F0044C6C0 /* CountriesUITests.swift in Sources */ = {isa = PBXBuildFile; fileRef = 2D33430C2B44CE4F0044C6C0 /* CountriesUITests.swift */; };
		2D33430F2B44CE4F0044C6C0 /* CountriesUITestsLaunchTests.swift in Sources */ = {isa = PBXBuildFile; fileRef = 2D33430E2B44CE4F0044C6C0 /* CountriesUITestsLaunchTests.swift */; };
		2D33431C2B44D28A0044C6C0 /* SearchVC.swift in Sources */ = {isa = PBXBuildFile; fileRef = 2D33431B2B44D28A0044C6C0 /* SearchVC.swift */; };
		2D33431E2B44D2970044C6C0 /* DetailsVC.swift in Sources */ = {isa = PBXBuildFile; fileRef = 2D33431D2B44D2970044C6C0 /* DetailsVC.swift */; };
		2D3343202B44D3AB0044C6C0 /* FavoritesListVC.swift in Sources */ = {isa = PBXBuildFile; fileRef = 2D33431F2B44D3AB0044C6C0 /* FavoritesListVC.swift */; };
		2D3343222B44E1880044C6C0 /* CFButton.swift in Sources */ = {isa = PBXBuildFile; fileRef = 2D3343212B44E1880044C6C0 /* CFButton.swift */; };
		2D3343242B44ED8C0044C6C0 /* CFTextField.swift in Sources */ = {isa = PBXBuildFile; fileRef = 2D3343232B44ED8C0044C6C0 /* CFTextField.swift */; };
		2D3343282B45F2170044C6C0 /* CFTitleLabel.swift in Sources */ = {isa = PBXBuildFile; fileRef = 2D3343272B45F2170044C6C0 /* CFTitleLabel.swift */; };
		2D33432A2B45F5B10044C6C0 /* CFBodyLabel.swift in Sources */ = {isa = PBXBuildFile; fileRef = 2D3343292B45F5B10044C6C0 /* CFBodyLabel.swift */; };
		2D33432C2B45F8020044C6C0 /* CFAlertVC.swift in Sources */ = {isa = PBXBuildFile; fileRef = 2D33432B2B45F8020044C6C0 /* CFAlertVC.swift */; };
		2D33432F2B4713160044C6C0 /* UIViewController+Ext.swift in Sources */ = {isa = PBXBuildFile; fileRef = 2D33432E2B4713160044C6C0 /* UIViewController+Ext.swift */; };
		2D3343342B4749890044C6C0 /* CountryInfo.swift in Sources */ = {isa = PBXBuildFile; fileRef = 2D3343332B4749890044C6C0 /* CountryInfo.swift */; };
		2D3343382B47596F0044C6C0 /* AllCountriesVC.swift in Sources */ = {isa = PBXBuildFile; fileRef = 2D3343372B47596F0044C6C0 /* AllCountriesVC.swift */; };
		2D33433A2B4775B90044C6C0 /* CountryCell.swift in Sources */ = {isa = PBXBuildFile; fileRef = 2D3343392B4775B90044C6C0 /* CountryCell.swift */; };
		2D33433C2B4795A40044C6C0 /* UIImageView+Extension.swift in Sources */ = {isa = PBXBuildFile; fileRef = 2D33433B2B4795A40044C6C0 /* UIImageView+Extension.swift */; };
		2D33433E2B482B810044C6C0 /* NetworkManager.swift in Sources */ = {isa = PBXBuildFile; fileRef = 2D33433D2B482B810044C6C0 /* NetworkManager.swift */; };
		2D3343402B48B66A0044C6C0 /* CFError.swift in Sources */ = {isa = PBXBuildFile; fileRef = 2D33433F2B48B66A0044C6C0 /* CFError.swift */; };
		2D45D3032B56F43900CC1C17 /* UILabelView+Extension.swift in Sources */ = {isa = PBXBuildFile; fileRef = 2D45D3022B56F43900CC1C17 /* UILabelView+Extension.swift */; };
		2D45D3052B5825EE00CC1C17 /* UIView+Extension.swift in Sources */ = {isa = PBXBuildFile; fileRef = 2D45D3042B5825EE00CC1C17 /* UIView+Extension.swift */; };
		2D45D3092B591E9400CC1C17 /* CFEmptyView.swift in Sources */ = {isa = PBXBuildFile; fileRef = 2D45D3082B591E9400CC1C17 /* CFEmptyView.swift */; };
		2D54B7CF2B4D79FD0084754B /* Secrets.plist in Resources */ = {isa = PBXBuildFile; fileRef = 2D54B7CE2B4D79FD0084754B /* Secrets.plist */; };
		2D54B7D12B4D8EBC0084754B /* CFScrollableView.swift in Sources */ = {isa = PBXBuildFile; fileRef = 2D54B7D02B4D8EBC0084754B /* CFScrollableView.swift */; };
		2D7E6E0F2B4B06D600A7BFE8 /* Country.swift in Sources */ = {isa = PBXBuildFile; fileRef = 2D7E6E0E2B4B06D600A7BFE8 /* Country.swift */; };
		2D7E6E112B4B6EF300A7BFE8 /* CFHeaderInfo.swift in Sources */ = {isa = PBXBuildFile; fileRef = 2D7E6E102B4B6EF300A7BFE8 /* CFHeaderInfo.swift */; };
		2DACC8E92B4A1B150018B0DD /* CFCountryFlag.swift in Sources */ = {isa = PBXBuildFile; fileRef = 2DACC8E82B4A1B150018B0DD /* CFCountryFlag.swift */; };
		2DD053372B5456DD0084AD90 /* FavoritesManager.swift in Sources */ = {isa = PBXBuildFile; fileRef = 2DD053362B5456DD0084AD90 /* FavoritesManager.swift */; };
		2DD053392B54CE700084AD90 /* FavoritesViewCell.swift in Sources */ = {isa = PBXBuildFile; fileRef = 2DD053382B54CE700084AD90 /* FavoritesViewCell.swift */; };
		2DD3DC392B5A9E9F008F24CF /* CFMapsButtons.swift in Sources */ = {isa = PBXBuildFile; fileRef = 2DD3DC382B5A9E9F008F24CF /* CFMapsButtons.swift */; };
		2DF0FA262B5040D40006B9D2 /* Utils.swift in Sources */ = {isa = PBXBuildFile; fileRef = 2DF0FA252B5040D40006B9D2 /* Utils.swift */; };
/* End PBXBuildFile section */

/* Begin PBXContainerItemProxy section */
		2D3342FF2B44CE4E0044C6C0 /* PBXContainerItemProxy */ = {
			isa = PBXContainerItemProxy;
			containerPortal = 2D3342E02B44CE4D0044C6C0 /* Project object */;
			proxyType = 1;
			remoteGlobalIDString = 2D3342E72B44CE4D0044C6C0;
			remoteInfo = Countries;
		};
		2D3343092B44CE4F0044C6C0 /* PBXContainerItemProxy */ = {
			isa = PBXContainerItemProxy;
			containerPortal = 2D3342E02B44CE4D0044C6C0 /* Project object */;
			proxyType = 1;
			remoteGlobalIDString = 2D3342E72B44CE4D0044C6C0;
			remoteInfo = Countries;
		};
/* End PBXContainerItemProxy section */

/* Begin PBXFileReference section */
		2D0B8E9B2B4D77CF0013E8CD /* UnsplashImage.swift */ = {isa = PBXFileReference; fileEncoding = 4; lastKnownFileType = sourcecode.swift; path = UnsplashImage.swift; sourceTree = "<group>"; };
		2D3342E82B44CE4D0044C6C0 /* Countries.app */ = {isa = PBXFileReference; explicitFileType = wrapper.application; includeInIndex = 0; path = Countries.app; sourceTree = BUILT_PRODUCTS_DIR; };
		2D3342EB2B44CE4D0044C6C0 /* AppDelegate.swift */ = {isa = PBXFileReference; lastKnownFileType = sourcecode.swift; path = AppDelegate.swift; sourceTree = "<group>"; };
		2D3342ED2B44CE4D0044C6C0 /* SceneDelegate.swift */ = {isa = PBXFileReference; lastKnownFileType = sourcecode.swift; path = SceneDelegate.swift; sourceTree = "<group>"; };
		2D3342EF2B44CE4D0044C6C0 /* ViewController.swift */ = {isa = PBXFileReference; lastKnownFileType = sourcecode.swift; path = ViewController.swift; sourceTree = "<group>"; };
		2D3342F42B44CE4E0044C6C0 /* Assets.xcassets */ = {isa = PBXFileReference; lastKnownFileType = folder.assetcatalog; path = Assets.xcassets; sourceTree = "<group>"; };
		2D3342F92B44CE4E0044C6C0 /* Info.plist */ = {isa = PBXFileReference; lastKnownFileType = text.plist.xml; path = Info.plist; sourceTree = "<group>"; };
		2D3342FE2B44CE4E0044C6C0 /* CountriesTests.xctest */ = {isa = PBXFileReference; explicitFileType = wrapper.cfbundle; includeInIndex = 0; path = CountriesTests.xctest; sourceTree = BUILT_PRODUCTS_DIR; };
		2D3343022B44CE4F0044C6C0 /* CountriesTests.swift */ = {isa = PBXFileReference; lastKnownFileType = sourcecode.swift; path = CountriesTests.swift; sourceTree = "<group>"; };
		2D3343082B44CE4F0044C6C0 /* CountriesUITests.xctest */ = {isa = PBXFileReference; explicitFileType = wrapper.cfbundle; includeInIndex = 0; path = CountriesUITests.xctest; sourceTree = BUILT_PRODUCTS_DIR; };
		2D33430C2B44CE4F0044C6C0 /* CountriesUITests.swift */ = {isa = PBXFileReference; lastKnownFileType = sourcecode.swift; path = CountriesUITests.swift; sourceTree = "<group>"; };
		2D33430E2B44CE4F0044C6C0 /* CountriesUITestsLaunchTests.swift */ = {isa = PBXFileReference; lastKnownFileType = sourcecode.swift; path = CountriesUITestsLaunchTests.swift; sourceTree = "<group>"; };
		2D33431B2B44D28A0044C6C0 /* SearchVC.swift */ = {isa = PBXFileReference; lastKnownFileType = sourcecode.swift; path = SearchVC.swift; sourceTree = "<group>"; };
		2D33431D2B44D2970044C6C0 /* DetailsVC.swift */ = {isa = PBXFileReference; lastKnownFileType = sourcecode.swift; path = DetailsVC.swift; sourceTree = "<group>"; };
		2D33431F2B44D3AB0044C6C0 /* FavoritesListVC.swift */ = {isa = PBXFileReference; lastKnownFileType = sourcecode.swift; path = FavoritesListVC.swift; sourceTree = "<group>"; };
		2D3343212B44E1880044C6C0 /* CFButton.swift */ = {isa = PBXFileReference; lastKnownFileType = sourcecode.swift; path = CFButton.swift; sourceTree = "<group>"; };
		2D3343232B44ED8C0044C6C0 /* CFTextField.swift */ = {isa = PBXFileReference; lastKnownFileType = sourcecode.swift; path = CFTextField.swift; sourceTree = "<group>"; };
		2D3343272B45F2170044C6C0 /* CFTitleLabel.swift */ = {isa = PBXFileReference; lastKnownFileType = sourcecode.swift; path = CFTitleLabel.swift; sourceTree = "<group>"; };
		2D3343292B45F5B10044C6C0 /* CFBodyLabel.swift */ = {isa = PBXFileReference; lastKnownFileType = sourcecode.swift; path = CFBodyLabel.swift; sourceTree = "<group>"; };
		2D33432B2B45F8020044C6C0 /* CFAlertVC.swift */ = {isa = PBXFileReference; lastKnownFileType = sourcecode.swift; path = CFAlertVC.swift; sourceTree = "<group>"; };
		2D33432E2B4713160044C6C0 /* UIViewController+Ext.swift */ = {isa = PBXFileReference; lastKnownFileType = sourcecode.swift; path = "UIViewController+Ext.swift"; sourceTree = "<group>"; };
		2D3343332B4749890044C6C0 /* CountryInfo.swift */ = {isa = PBXFileReference; lastKnownFileType = sourcecode.swift; path = CountryInfo.swift; sourceTree = "<group>"; };
		2D3343372B47596F0044C6C0 /* AllCountriesVC.swift */ = {isa = PBXFileReference; lastKnownFileType = sourcecode.swift; path = AllCountriesVC.swift; sourceTree = "<group>"; };
		2D3343392B4775B90044C6C0 /* CountryCell.swift */ = {isa = PBXFileReference; lastKnownFileType = sourcecode.swift; path = CountryCell.swift; sourceTree = "<group>"; };
		2D33433B2B4795A40044C6C0 /* UIImageView+Extension.swift */ = {isa = PBXFileReference; lastKnownFileType = sourcecode.swift; path = "UIImageView+Extension.swift"; sourceTree = "<group>"; };
		2D33433D2B482B810044C6C0 /* NetworkManager.swift */ = {isa = PBXFileReference; lastKnownFileType = sourcecode.swift; path = NetworkManager.swift; sourceTree = "<group>"; };
		2D33433F2B48B66A0044C6C0 /* CFError.swift */ = {isa = PBXFileReference; lastKnownFileType = sourcecode.swift; path = CFError.swift; sourceTree = "<group>"; };
		2D45D3022B56F43900CC1C17 /* UILabelView+Extension.swift */ = {isa = PBXFileReference; lastKnownFileType = sourcecode.swift; path = "UILabelView+Extension.swift"; sourceTree = "<group>"; };
		2D45D3042B5825EE00CC1C17 /* UIView+Extension.swift */ = {isa = PBXFileReference; lastKnownFileType = sourcecode.swift; path = "UIView+Extension.swift"; sourceTree = "<group>"; };
		2D45D3082B591E9400CC1C17 /* CFEmptyView.swift */ = {isa = PBXFileReference; lastKnownFileType = sourcecode.swift; path = CFEmptyView.swift; sourceTree = "<group>"; };
		2D54B7CE2B4D79FD0084754B /* Secrets.plist */ = {isa = PBXFileReference; lastKnownFileType = text.plist.xml; path = Secrets.plist; sourceTree = "<group>"; };
		2D54B7D02B4D8EBC0084754B /* CFScrollableView.swift */ = {isa = PBXFileReference; lastKnownFileType = sourcecode.swift; path = CFScrollableView.swift; sourceTree = "<group>"; };
		2D7E6E0E2B4B06D600A7BFE8 /* Country.swift */ = {isa = PBXFileReference; lastKnownFileType = sourcecode.swift; path = Country.swift; sourceTree = "<group>"; };
		2D7E6E102B4B6EF300A7BFE8 /* CFHeaderInfo.swift */ = {isa = PBXFileReference; lastKnownFileType = sourcecode.swift; path = CFHeaderInfo.swift; sourceTree = "<group>"; };
		2DACC8E82B4A1B150018B0DD /* CFCountryFlag.swift */ = {isa = PBXFileReference; lastKnownFileType = sourcecode.swift; path = CFCountryFlag.swift; sourceTree = "<group>"; };
		2DD053362B5456DD0084AD90 /* FavoritesManager.swift */ = {isa = PBXFileReference; lastKnownFileType = sourcecode.swift; path = FavoritesManager.swift; sourceTree = "<group>"; };
		2DD053382B54CE700084AD90 /* FavoritesViewCell.swift */ = {isa = PBXFileReference; lastKnownFileType = sourcecode.swift; path = FavoritesViewCell.swift; sourceTree = "<group>"; };
		2DD3DC382B5A9E9F008F24CF /* CFMapsButtons.swift */ = {isa = PBXFileReference; lastKnownFileType = sourcecode.swift; path = CFMapsButtons.swift; sourceTree = "<group>"; };
		2DF0FA252B5040D40006B9D2 /* Utils.swift */ = {isa = PBXFileReference; lastKnownFileType = sourcecode.swift; path = Utils.swift; sourceTree = "<group>"; };
/* End PBXFileReference section */

/* Begin PBXFrameworksBuildPhase section */
		2D3342E52B44CE4D0044C6C0 /* Frameworks */ = {
			isa = PBXFrameworksBuildPhase;
			buildActionMask = 2147483647;
			files = (
			);
			runOnlyForDeploymentPostprocessing = 0;
		};
		2D3342FB2B44CE4E0044C6C0 /* Frameworks */ = {
			isa = PBXFrameworksBuildPhase;
			buildActionMask = 2147483647;
			files = (
			);
			runOnlyForDeploymentPostprocessing = 0;
		};
		2D3343052B44CE4F0044C6C0 /* Frameworks */ = {
			isa = PBXFrameworksBuildPhase;
			buildActionMask = 2147483647;
			files = (
			);
			runOnlyForDeploymentPostprocessing = 0;
		};
/* End PBXFrameworksBuildPhase section */

/* Begin PBXGroup section */
		2D3342DF2B44CE4D0044C6C0 = {
			isa = PBXGroup;
			children = (
				2D3342EA2B44CE4D0044C6C0 /* Countries */,
				2D3343012B44CE4F0044C6C0 /* CountriesTests */,
				2D33430B2B44CE4F0044C6C0 /* CountriesUITests */,
				2D3342E92B44CE4D0044C6C0 /* Products */,
			);
			sourceTree = "<group>";
		};
		2D3342E92B44CE4D0044C6C0 /* Products */ = {
			isa = PBXGroup;
			children = (
				2D3342E82B44CE4D0044C6C0 /* Countries.app */,
				2D3342FE2B44CE4E0044C6C0 /* CountriesTests.xctest */,
				2D3343082B44CE4F0044C6C0 /* CountriesUITests.xctest */,
			);
			name = Products;
			sourceTree = "<group>";
		};
		2D3342EA2B44CE4D0044C6C0 /* Countries */ = {
			isa = PBXGroup;
			children = (
				2D3343322B4749520044C6C0 /* Models */,
				2D3342EB2B44CE4D0044C6C0 /* AppDelegate.swift */,
				2D3342ED2B44CE4D0044C6C0 /* SceneDelegate.swift */,
				2D3342EF2B44CE4D0044C6C0 /* ViewController.swift */,
				2D3342F42B44CE4E0044C6C0 /* Assets.xcassets */,
				2D3342F92B44CE4E0044C6C0 /* Info.plist */,
				2D33432D2B4712180044C6C0 /* Custom Elements */,
				2D3343302B472B1C0044C6C0 /* ViewControllers */,
				2D3343312B472B5D0044C6C0 /* Extensions */,
				2DD053352B544FB50084AD90 /* Managers */,
				2D54B7CE2B4D79FD0084754B /* Secrets.plist */,
				2DF0FA252B5040D40006B9D2 /* Utils.swift */,
			);
			path = Countries;
			sourceTree = "<group>";
		};
		2D3343012B44CE4F0044C6C0 /* CountriesTests */ = {
			isa = PBXGroup;
			children = (
				2D3343022B44CE4F0044C6C0 /* CountriesTests.swift */,
			);
			path = CountriesTests;
			sourceTree = "<group>";
		};
		2D33430B2B44CE4F0044C6C0 /* CountriesUITests */ = {
			isa = PBXGroup;
			children = (
				2D33430C2B44CE4F0044C6C0 /* CountriesUITests.swift */,
				2D33430E2B44CE4F0044C6C0 /* CountriesUITestsLaunchTests.swift */,
			);
			path = CountriesUITests;
			sourceTree = "<group>";
		};
		2D33432D2B4712180044C6C0 /* Custom Elements */ = {
			isa = PBXGroup;
			children = (
				2DDB10412B5BEB880047EE55 /* TextFields */,
				2DDB10402B5BEB7E0047EE55 /* Images */,
				2DDB103F2B5BEB660047EE55 /* Labels */,
				2DDB103D2B5BEAC00047EE55 /* Views */,
				2DDB103E2B5BEB570047EE55 /* Buttons */,
			);
			path = "Custom Elements";
			sourceTree = "<group>";
		};
		2D3343302B472B1C0044C6C0 /* ViewControllers */ = {
			isa = PBXGroup;
			children = (
				2DD0533C2B55561D0084AD90 /* Cells */,
				2D33431B2B44D28A0044C6C0 /* SearchVC.swift */,
				2D33431D2B44D2970044C6C0 /* DetailsVC.swift */,
				2D33431F2B44D3AB0044C6C0 /* FavoritesListVC.swift */,
				2D3343372B47596F0044C6C0 /* AllCountriesVC.swift */,
			);
			path = ViewControllers;
			sourceTree = "<group>";
		};
		2D3343312B472B5D0044C6C0 /* Extensions */ = {
			isa = PBXGroup;
			children = (
				2D33432E2B4713160044C6C0 /* UIViewController+Ext.swift */,
				2D33433B2B4795A40044C6C0 /* UIImageView+Extension.swift */,
				2D45D3022B56F43900CC1C17 /* UILabelView+Extension.swift */,
				2D45D3042B5825EE00CC1C17 /* UIView+Extension.swift */,
			);
			path = Extensions;
			sourceTree = "<group>";
		};
		2D3343322B4749520044C6C0 /* Models */ = {
			isa = PBXGroup;
			children = (
				2D0B8E9B2B4D77CF0013E8CD /* UnsplashImage.swift */,
				2D3343332B4749890044C6C0 /* CountryInfo.swift */,
				2D33433F2B48B66A0044C6C0 /* CFError.swift */,
				2D7E6E0E2B4B06D600A7BFE8 /* Country.swift */,
			);
			path = Models;
			sourceTree = "<group>";
		};
		2DD053352B544FB50084AD90 /* Managers */ = {
			isa = PBXGroup;
			children = (
				2D33433D2B482B810044C6C0 /* NetworkManager.swift */,
				2DD053362B5456DD0084AD90 /* FavoritesManager.swift */,
			);
			path = Managers;
			sourceTree = "<group>";
		};
		2DD0533C2B55561D0084AD90 /* Cells */ = {
			isa = PBXGroup;
			children = (
				2D3343392B4775B90044C6C0 /* CountryCell.swift */,
				2DD053382B54CE700084AD90 /* FavoritesViewCell.swift */,
			);
			path = Cells;
			sourceTree = "<group>";
		};
		2DDB103D2B5BEAC00047EE55 /* Views */ = {
			isa = PBXGroup;
			children = (
				2D33432B2B45F8020044C6C0 /* CFAlertVC.swift */,
				2D45D3082B591E9400CC1C17 /* CFEmptyView.swift */,
				2D54B7D02B4D8EBC0084754B /* CFScrollableView.swift */,
				2D7E6E102B4B6EF300A7BFE8 /* CFHeaderInfo.swift */,
			);
			path = Views;
			sourceTree = "<group>";
		};
		2DDB103E2B5BEB570047EE55 /* Buttons */ = {
			isa = PBXGroup;
			children = (
				2D3343212B44E1880044C6C0 /* CFButton.swift */,
				2DD3DC382B5A9E9F008F24CF /* CFMapsButtons.swift */,
			);
			path = Buttons;
			sourceTree = "<group>";
		};
		2DDB103F2B5BEB660047EE55 /* Labels */ = {
			isa = PBXGroup;
			children = (
				2D3343272B45F2170044C6C0 /* CFTitleLabel.swift */,
				2D3343292B45F5B10044C6C0 /* CFBodyLabel.swift */,
			);
			path = Labels;
			sourceTree = "<group>";
		};
		2DDB10402B5BEB7E0047EE55 /* Images */ = {
			isa = PBXGroup;
			children = (
				2DACC8E82B4A1B150018B0DD /* CFCountryFlag.swift */,
			);
			path = Images;
			sourceTree = "<group>";
		};
		2DDB10412B5BEB880047EE55 /* TextFields */ = {
			isa = PBXGroup;
			children = (
				2D3343232B44ED8C0044C6C0 /* CFTextField.swift */,
			);
			path = TextFields;
			sourceTree = "<group>";
		};
/* End PBXGroup section */

/* Begin PBXNativeTarget section */
		2D3342E72B44CE4D0044C6C0 /* Countries */ = {
			isa = PBXNativeTarget;
			buildConfigurationList = 2D3343122B44CE4F0044C6C0 /* Build configuration list for PBXNativeTarget "Countries" */;
			buildPhases = (
				2D3342E42B44CE4D0044C6C0 /* Sources */,
				2D3342E52B44CE4D0044C6C0 /* Frameworks */,
				2D3342E62B44CE4D0044C6C0 /* Resources */,
				2D4401222B5B2A3E008C363B /* SwiftLint */,
			);
			buildRules = (
			);
			dependencies = (
			);
			name = Countries;
			productName = Countries;
			productReference = 2D3342E82B44CE4D0044C6C0 /* Countries.app */;
			productType = "com.apple.product-type.application";
		};
		2D3342FD2B44CE4E0044C6C0 /* CountriesTests */ = {
			isa = PBXNativeTarget;
			buildConfigurationList = 2D3343152B44CE4F0044C6C0 /* Build configuration list for PBXNativeTarget "CountriesTests" */;
			buildPhases = (
				2D3342FA2B44CE4E0044C6C0 /* Sources */,
				2D3342FB2B44CE4E0044C6C0 /* Frameworks */,
				2D3342FC2B44CE4E0044C6C0 /* Resources */,
			);
			buildRules = (
			);
			dependencies = (
				2D3343002B44CE4E0044C6C0 /* PBXTargetDependency */,
			);
			name = CountriesTests;
			productName = CountriesTests;
			productReference = 2D3342FE2B44CE4E0044C6C0 /* CountriesTests.xctest */;
			productType = "com.apple.product-type.bundle.unit-test";
		};
		2D3343072B44CE4F0044C6C0 /* CountriesUITests */ = {
			isa = PBXNativeTarget;
			buildConfigurationList = 2D3343182B44CE4F0044C6C0 /* Build configuration list for PBXNativeTarget "CountriesUITests" */;
			buildPhases = (
				2D3343042B44CE4F0044C6C0 /* Sources */,
				2D3343052B44CE4F0044C6C0 /* Frameworks */,
				2D3343062B44CE4F0044C6C0 /* Resources */,
			);
			buildRules = (
			);
			dependencies = (
				2D33430A2B44CE4F0044C6C0 /* PBXTargetDependency */,
			);
			name = CountriesUITests;
			productName = CountriesUITests;
			productReference = 2D3343082B44CE4F0044C6C0 /* CountriesUITests.xctest */;
			productType = "com.apple.product-type.bundle.ui-testing";
		};
/* End PBXNativeTarget section */

/* Begin PBXProject section */
		2D3342E02B44CE4D0044C6C0 /* Project object */ = {
			isa = PBXProject;
			attributes = {
				BuildIndependentTargetsInParallel = 1;
				LastSwiftUpdateCheck = 1510;
				LastUpgradeCheck = 1510;
				TargetAttributes = {
					2D3342E72B44CE4D0044C6C0 = {
						CreatedOnToolsVersion = 15.1;
					};
					2D3342FD2B44CE4E0044C6C0 = {
						CreatedOnToolsVersion = 15.1;
						TestTargetID = 2D3342E72B44CE4D0044C6C0;
					};
					2D3343072B44CE4F0044C6C0 = {
						CreatedOnToolsVersion = 15.1;
						TestTargetID = 2D3342E72B44CE4D0044C6C0;
					};
				};
			};
			buildConfigurationList = 2D3342E32B44CE4D0044C6C0 /* Build configuration list for PBXProject "Countries" */;
			compatibilityVersion = "Xcode 14.0";
			developmentRegion = en;
			hasScannedForEncodings = 0;
			knownRegions = (
				en,
				Base,
			);
			mainGroup = 2D3342DF2B44CE4D0044C6C0;
			productRefGroup = 2D3342E92B44CE4D0044C6C0 /* Products */;
			projectDirPath = "";
			projectRoot = "";
			targets = (
				2D3342E72B44CE4D0044C6C0 /* Countries */,
				2D3342FD2B44CE4E0044C6C0 /* CountriesTests */,
				2D3343072B44CE4F0044C6C0 /* CountriesUITests */,
			);
		};
/* End PBXProject section */

/* Begin PBXResourcesBuildPhase section */
		2D3342E62B44CE4D0044C6C0 /* Resources */ = {
			isa = PBXResourcesBuildPhase;
			buildActionMask = 2147483647;
			files = (
				2D54B7CF2B4D79FD0084754B /* Secrets.plist in Resources */,
				2D3342F52B44CE4E0044C6C0 /* Assets.xcassets in Resources */,
			);
			runOnlyForDeploymentPostprocessing = 0;
		};
		2D3342FC2B44CE4E0044C6C0 /* Resources */ = {
			isa = PBXResourcesBuildPhase;
			buildActionMask = 2147483647;
			files = (
			);
			runOnlyForDeploymentPostprocessing = 0;
		};
		2D3343062B44CE4F0044C6C0 /* Resources */ = {
			isa = PBXResourcesBuildPhase;
			buildActionMask = 2147483647;
			files = (
			);
			runOnlyForDeploymentPostprocessing = 0;
		};
/* End PBXResourcesBuildPhase section */

/* Begin PBXShellScriptBuildPhase section */
		2D4401222B5B2A3E008C363B /* SwiftLint */ = {
			isa = PBXShellScriptBuildPhase;
			buildActionMask = 2147483647;
			files = (
			);
			inputFileListPaths = (
			);
			inputPaths = (
			);
			name = SwiftLint;
			outputFileListPaths = (
			);
			outputPaths = (
				"$(DERIVED_FILE_DIR)/swiftLint",
			);
			runOnlyForDeploymentPostprocessing = 0;
			shellPath = /bin/sh;
			shellScript = "export PATH=\"$PATH:/opt/homebrew/bin\"\n\nif which swiftlint > /dev/null; then\n  swiftlint --fix && swiftlint\nelse\n  echo \"warning: SwiftLint not installed, download from https://github.com/realm/SwiftLint\"\nfi\n";
		};
/* End PBXShellScriptBuildPhase section */

/* Begin PBXSourcesBuildPhase section */
		2D3342E42B44CE4D0044C6C0 /* Sources */ = {
			isa = PBXSourcesBuildPhase;
			buildActionMask = 2147483647;
			files = (
				2D3343382B47596F0044C6C0 /* AllCountriesVC.swift in Sources */,
				2D45D3052B5825EE00CC1C17 /* UIView+Extension.swift in Sources */,
				2DD053372B5456DD0084AD90 /* FavoritesManager.swift in Sources */,
				2D3343202B44D3AB0044C6C0 /* FavoritesListVC.swift in Sources */,
				2DACC8E92B4A1B150018B0DD /* CFCountryFlag.swift in Sources */,
				2D7E6E112B4B6EF300A7BFE8 /* CFHeaderInfo.swift in Sources */,
				2D33433A2B4775B90044C6C0 /* CountryCell.swift in Sources */,
				2D33432A2B45F5B10044C6C0 /* CFBodyLabel.swift in Sources */,
				2D45D3032B56F43900CC1C17 /* UILabelView+Extension.swift in Sources */,
				2D33432F2B4713160044C6C0 /* UIViewController+Ext.swift in Sources */,
				2D3343342B4749890044C6C0 /* CountryInfo.swift in Sources */,
				2D3343282B45F2170044C6C0 /* CFTitleLabel.swift in Sources */,
				2D7E6E0F2B4B06D600A7BFE8 /* Country.swift in Sources */,
				2D3343402B48B66A0044C6C0 /* CFError.swift in Sources */,
				2DD053392B54CE700084AD90 /* FavoritesViewCell.swift in Sources */,
				2D33431C2B44D28A0044C6C0 /* SearchVC.swift in Sources */,
				2D3342F02B44CE4D0044C6C0 /* ViewController.swift in Sources */,
				2D3342EC2B44CE4D0044C6C0 /* AppDelegate.swift in Sources */,
				2D33433E2B482B810044C6C0 /* NetworkManager.swift in Sources */,
				2D54B7D12B4D8EBC0084754B /* CFScrollableView.swift in Sources */,
				2D33433C2B4795A40044C6C0 /* UIImageView+Extension.swift in Sources */,
				2DD3DC392B5A9E9F008F24CF /* CFMapsButtons.swift in Sources */,
				2D3342EE2B44CE4D0044C6C0 /* SceneDelegate.swift in Sources */,
				2D33432C2B45F8020044C6C0 /* CFAlertVC.swift in Sources */,
				2D3343222B44E1880044C6C0 /* CFButton.swift in Sources */,
				2D3343242B44ED8C0044C6C0 /* CFTextField.swift in Sources */,
				2D33431E2B44D2970044C6C0 /* DetailsVC.swift in Sources */,
				2D45D3092B591E9400CC1C17 /* CFEmptyView.swift in Sources */,
				2D0B8E9C2B4D77CF0013E8CD /* UnsplashImage.swift in Sources */,
				2DF0FA262B5040D40006B9D2 /* Utils.swift in Sources */,
			);
			runOnlyForDeploymentPostprocessing = 0;
		};
		2D3342FA2B44CE4E0044C6C0 /* Sources */ = {
			isa = PBXSourcesBuildPhase;
			buildActionMask = 2147483647;
			files = (
				2D3343032B44CE4F0044C6C0 /* CountriesTests.swift in Sources */,
			);
			runOnlyForDeploymentPostprocessing = 0;
		};
		2D3343042B44CE4F0044C6C0 /* Sources */ = {
			isa = PBXSourcesBuildPhase;
			buildActionMask = 2147483647;
			files = (
				2D33430D2B44CE4F0044C6C0 /* CountriesUITests.swift in Sources */,
				2D33430F2B44CE4F0044C6C0 /* CountriesUITestsLaunchTests.swift in Sources */,
			);
			runOnlyForDeploymentPostprocessing = 0;
		};
/* End PBXSourcesBuildPhase section */

/* Begin PBXTargetDependency section */
		2D3343002B44CE4E0044C6C0 /* PBXTargetDependency */ = {
			isa = PBXTargetDependency;
			target = 2D3342E72B44CE4D0044C6C0 /* Countries */;
			targetProxy = 2D3342FF2B44CE4E0044C6C0 /* PBXContainerItemProxy */;
		};
		2D33430A2B44CE4F0044C6C0 /* PBXTargetDependency */ = {
			isa = PBXTargetDependency;
			target = 2D3342E72B44CE4D0044C6C0 /* Countries */;
			targetProxy = 2D3343092B44CE4F0044C6C0 /* PBXContainerItemProxy */;
		};
/* End PBXTargetDependency section */

/* Begin XCBuildConfiguration section */
		2D3343102B44CE4F0044C6C0 /* Debug */ = {
			isa = XCBuildConfiguration;
			buildSettings = {
				ALWAYS_SEARCH_USER_PATHS = NO;
				ASSETCATALOG_COMPILER_GENERATE_SWIFT_ASSET_SYMBOL_EXTENSIONS = YES;
				CLANG_ANALYZER_NONNULL = YES;
				CLANG_ANALYZER_NUMBER_OBJECT_CONVERSION = YES_AGGRESSIVE;
				CLANG_CXX_LANGUAGE_STANDARD = "gnu++20";
				CLANG_ENABLE_MODULES = YES;
				CLANG_ENABLE_OBJC_ARC = YES;
				CLANG_ENABLE_OBJC_WEAK = YES;
				CLANG_WARN_BLOCK_CAPTURE_AUTORELEASING = YES;
				CLANG_WARN_BOOL_CONVERSION = YES;
				CLANG_WARN_COMMA = YES;
				CLANG_WARN_CONSTANT_CONVERSION = YES;
				CLANG_WARN_DEPRECATED_OBJC_IMPLEMENTATIONS = YES;
				CLANG_WARN_DIRECT_OBJC_ISA_USAGE = YES_ERROR;
				CLANG_WARN_DOCUMENTATION_COMMENTS = YES;
				CLANG_WARN_EMPTY_BODY = YES;
				CLANG_WARN_ENUM_CONVERSION = YES;
				CLANG_WARN_INFINITE_RECURSION = YES;
				CLANG_WARN_INT_CONVERSION = YES;
				CLANG_WARN_NON_LITERAL_NULL_CONVERSION = YES;
				CLANG_WARN_OBJC_IMPLICIT_RETAIN_SELF = YES;
				CLANG_WARN_OBJC_LITERAL_CONVERSION = YES;
				CLANG_WARN_OBJC_ROOT_CLASS = YES_ERROR;
				CLANG_WARN_QUOTED_INCLUDE_IN_FRAMEWORK_HEADER = YES;
				CLANG_WARN_RANGE_LOOP_ANALYSIS = YES;
				CLANG_WARN_STRICT_PROTOTYPES = YES;
				CLANG_WARN_SUSPICIOUS_MOVE = YES;
				CLANG_WARN_UNGUARDED_AVAILABILITY = YES_AGGRESSIVE;
				CLANG_WARN_UNREACHABLE_CODE = YES;
				CLANG_WARN__DUPLICATE_METHOD_MATCH = YES;
				COPY_PHASE_STRIP = NO;
				DEBUG_INFORMATION_FORMAT = dwarf;
				ENABLE_STRICT_OBJC_MSGSEND = YES;
				ENABLE_TESTABILITY = YES;
				ENABLE_USER_SCRIPT_SANDBOXING = YES;
				GCC_C_LANGUAGE_STANDARD = gnu17;
				GCC_DYNAMIC_NO_PIC = NO;
				GCC_GENERATE_DEBUGGING_SYMBOLS = YES;
				GCC_NO_COMMON_BLOCKS = YES;
				GCC_OPTIMIZATION_LEVEL = 0;
				GCC_PREPROCESSOR_DEFINITIONS = (
					"DEBUG=1",
					"$(inherited)",
				);
				GCC_WARN_64_TO_32_BIT_CONVERSION = YES;
				GCC_WARN_ABOUT_RETURN_TYPE = YES_ERROR;
				GCC_WARN_UNDECLARED_SELECTOR = YES;
				GCC_WARN_UNINITIALIZED_AUTOS = YES_AGGRESSIVE;
				GCC_WARN_UNUSED_FUNCTION = YES;
				GCC_WARN_UNUSED_VARIABLE = YES;
				IPHONEOS_DEPLOYMENT_TARGET = 15.0;
				LOCALIZATION_PREFERS_STRING_CATALOGS = YES;
				MTL_ENABLE_DEBUG_INFO = INCLUDE_SOURCE;
				MTL_FAST_MATH = YES;
				ONLY_ACTIVE_ARCH = YES;
				SDKROOT = iphoneos;
				SWIFT_ACTIVE_COMPILATION_CONDITIONS = "DEBUG $(inherited)";
				SWIFT_OPTIMIZATION_LEVEL = "-Onone";
			};
			name = Debug;
		};
		2D3343112B44CE4F0044C6C0 /* Release */ = {
			isa = XCBuildConfiguration;
			buildSettings = {
				ALWAYS_SEARCH_USER_PATHS = NO;
				ASSETCATALOG_COMPILER_GENERATE_SWIFT_ASSET_SYMBOL_EXTENSIONS = YES;
				CLANG_ANALYZER_NONNULL = YES;
				CLANG_ANALYZER_NUMBER_OBJECT_CONVERSION = YES_AGGRESSIVE;
				CLANG_CXX_LANGUAGE_STANDARD = "gnu++20";
				CLANG_ENABLE_MODULES = YES;
				CLANG_ENABLE_OBJC_ARC = YES;
				CLANG_ENABLE_OBJC_WEAK = YES;
				CLANG_WARN_BLOCK_CAPTURE_AUTORELEASING = YES;
				CLANG_WARN_BOOL_CONVERSION = YES;
				CLANG_WARN_COMMA = YES;
				CLANG_WARN_CONSTANT_CONVERSION = YES;
				CLANG_WARN_DEPRECATED_OBJC_IMPLEMENTATIONS = YES;
				CLANG_WARN_DIRECT_OBJC_ISA_USAGE = YES_ERROR;
				CLANG_WARN_DOCUMENTATION_COMMENTS = YES;
				CLANG_WARN_EMPTY_BODY = YES;
				CLANG_WARN_ENUM_CONVERSION = YES;
				CLANG_WARN_INFINITE_RECURSION = YES;
				CLANG_WARN_INT_CONVERSION = YES;
				CLANG_WARN_NON_LITERAL_NULL_CONVERSION = YES;
				CLANG_WARN_OBJC_IMPLICIT_RETAIN_SELF = YES;
				CLANG_WARN_OBJC_LITERAL_CONVERSION = YES;
				CLANG_WARN_OBJC_ROOT_CLASS = YES_ERROR;
				CLANG_WARN_QUOTED_INCLUDE_IN_FRAMEWORK_HEADER = YES;
				CLANG_WARN_RANGE_LOOP_ANALYSIS = YES;
				CLANG_WARN_STRICT_PROTOTYPES = YES;
				CLANG_WARN_SUSPICIOUS_MOVE = YES;
				CLANG_WARN_UNGUARDED_AVAILABILITY = YES_AGGRESSIVE;
				CLANG_WARN_UNREACHABLE_CODE = YES;
				CLANG_WARN__DUPLICATE_METHOD_MATCH = YES;
				COPY_PHASE_STRIP = NO;
				DEBUG_INFORMATION_FORMAT = "dwarf-with-dsym";
				ENABLE_NS_ASSERTIONS = NO;
				ENABLE_STRICT_OBJC_MSGSEND = YES;
				ENABLE_USER_SCRIPT_SANDBOXING = YES;
				GCC_C_LANGUAGE_STANDARD = gnu17;
				GCC_GENERATE_DEBUGGING_SYMBOLS = YES;
				GCC_NO_COMMON_BLOCKS = YES;
				GCC_WARN_64_TO_32_BIT_CONVERSION = YES;
				GCC_WARN_ABOUT_RETURN_TYPE = YES_ERROR;
				GCC_WARN_UNDECLARED_SELECTOR = YES;
				GCC_WARN_UNINITIALIZED_AUTOS = YES_AGGRESSIVE;
				GCC_WARN_UNUSED_FUNCTION = YES;
				GCC_WARN_UNUSED_VARIABLE = YES;
				IPHONEOS_DEPLOYMENT_TARGET = 15.0;
				LOCALIZATION_PREFERS_STRING_CATALOGS = YES;
				MTL_ENABLE_DEBUG_INFO = NO;
				MTL_FAST_MATH = YES;
				ONLY_ACTIVE_ARCH = NO;
				SDKROOT = iphoneos;
				SWIFT_COMPILATION_MODE = wholemodule;
				VALIDATE_PRODUCT = YES;
			};
			name = Release;
		};
		2D3343132B44CE4F0044C6C0 /* Debug */ = {
			isa = XCBuildConfiguration;
			buildSettings = {
				ASSETCATALOG_COMPILER_APPICON_NAME = AppIcon;
				ASSETCATALOG_COMPILER_GLOBAL_ACCENT_COLOR_NAME = AccentColor;
				CODE_SIGN_STYLE = Automatic;
				CURRENT_PROJECT_VERSION = 1;
				DEVELOPMENT_TEAM = A2HKCL6A46;
				ENABLE_USER_SCRIPT_SANDBOXING = NO;
				GENERATE_INFOPLIST_FILE = YES;
				INFOPLIST_FILE = Countries/Info.plist;
				INFOPLIST_KEY_UIApplicationSupportsIndirectInputEvents = YES;
				INFOPLIST_KEY_UILaunchStoryboardName = LaunchScreen;
				INFOPLIST_KEY_UISupportedInterfaceOrientations = UIInterfaceOrientationPortrait;
				IPHONEOS_DEPLOYMENT_TARGET = 15.0;
				LD_RUNPATH_SEARCH_PATHS = (
					"$(inherited)",
					"@executable_path/Frameworks",
				);
				MARKETING_VERSION = 1.0;
				PRODUCT_BUNDLE_IDENTIFIER = DI.Countries;
				PRODUCT_NAME = "$(TARGET_NAME)";
				SUPPORTED_PLATFORMS = "iphoneos iphonesimulator";
				SUPPORTS_MACCATALYST = NO;
				SUPPORTS_MAC_DESIGNED_FOR_IPHONE_IPAD = NO;
				SWIFT_EMIT_LOC_STRINGS = YES;
				SWIFT_VERSION = 5.0;
				TARGETED_DEVICE_FAMILY = 1;
			};
			name = Debug;
		};
		2D3343142B44CE4F0044C6C0 /* Release */ = {
			isa = XCBuildConfiguration;
			buildSettings = {
				ASSETCATALOG_COMPILER_APPICON_NAME = AppIcon;
				ASSETCATALOG_COMPILER_GLOBAL_ACCENT_COLOR_NAME = AccentColor;
				CODE_SIGN_STYLE = Automatic;
				CURRENT_PROJECT_VERSION = 1;
				DEVELOPMENT_TEAM = A2HKCL6A46;
				ENABLE_USER_SCRIPT_SANDBOXING = NO;
				GENERATE_INFOPLIST_FILE = YES;
				INFOPLIST_FILE = Countries/Info.plist;
				INFOPLIST_KEY_UIApplicationSupportsIndirectInputEvents = YES;
				INFOPLIST_KEY_UILaunchStoryboardName = LaunchScreen;
				INFOPLIST_KEY_UISupportedInterfaceOrientations = UIInterfaceOrientationPortrait;
				IPHONEOS_DEPLOYMENT_TARGET = 15.0;
				LD_RUNPATH_SEARCH_PATHS = (
					"$(inherited)",
					"@executable_path/Frameworks",
				);
				MARKETING_VERSION = 1.0;
				PRODUCT_BUNDLE_IDENTIFIER = DI.Countries;
				PRODUCT_NAME = "$(TARGET_NAME)";
				SUPPORTED_PLATFORMS = "iphoneos iphonesimulator";
				SUPPORTS_MACCATALYST = NO;
				SUPPORTS_MAC_DESIGNED_FOR_IPHONE_IPAD = NO;
				SWIFT_EMIT_LOC_STRINGS = YES;
				SWIFT_VERSION = 5.0;
				TARGETED_DEVICE_FAMILY = 1;
			};
			name = Release;
		};
		2D3343162B44CE4F0044C6C0 /* Debug */ = {
			isa = XCBuildConfiguration;
			buildSettings = {
				ALWAYS_EMBED_SWIFT_STANDARD_LIBRARIES = YES;
				BUNDLE_LOADER = "$(TEST_HOST)";
				CODE_SIGN_STYLE = Automatic;
				CURRENT_PROJECT_VERSION = 1;
				DEVELOPMENT_TEAM = A2HKCL6A46;
				GENERATE_INFOPLIST_FILE = YES;
				IPHONEOS_DEPLOYMENT_TARGET = 17.2;
				MARKETING_VERSION = 1.0;
				PRODUCT_BUNDLE_IDENTIFIER = DI.CountriesTests;
				PRODUCT_NAME = "$(TARGET_NAME)";
				SWIFT_EMIT_LOC_STRINGS = NO;
				SWIFT_VERSION = 5.0;
				TARGETED_DEVICE_FAMILY = "1,2";
				TEST_HOST = "$(BUILT_PRODUCTS_DIR)/Countries.app/$(BUNDLE_EXECUTABLE_FOLDER_PATH)/Countries";
			};
			name = Debug;
		};
		2D3343172B44CE4F0044C6C0 /* Release */ = {
			isa = XCBuildConfiguration;
			buildSettings = {
				ALWAYS_EMBED_SWIFT_STANDARD_LIBRARIES = YES;
				BUNDLE_LOADER = "$(TEST_HOST)";
				CODE_SIGN_STYLE = Automatic;
				CURRENT_PROJECT_VERSION = 1;
				DEVELOPMENT_TEAM = A2HKCL6A46;
				GENERATE_INFOPLIST_FILE = YES;
				IPHONEOS_DEPLOYMENT_TARGET = 17.2;
				MARKETING_VERSION = 1.0;
				PRODUCT_BUNDLE_IDENTIFIER = DI.CountriesTests;
				PRODUCT_NAME = "$(TARGET_NAME)";
				SWIFT_EMIT_LOC_STRINGS = NO;
				SWIFT_VERSION = 5.0;
				TARGETED_DEVICE_FAMILY = "1,2";
				TEST_HOST = "$(BUILT_PRODUCTS_DIR)/Countries.app/$(BUNDLE_EXECUTABLE_FOLDER_PATH)/Countries";
			};
			name = Release;
		};
		2D3343192B44CE4F0044C6C0 /* Debug */ = {
			isa = XCBuildConfiguration;
			buildSettings = {
				ALWAYS_EMBED_SWIFT_STANDARD_LIBRARIES = YES;
				CODE_SIGN_STYLE = Automatic;
				CURRENT_PROJECT_VERSION = 1;
				DEVELOPMENT_TEAM = A2HKCL6A46;
				GENERATE_INFOPLIST_FILE = YES;
				MARKETING_VERSION = 1.0;
				PRODUCT_BUNDLE_IDENTIFIER = DI.CountriesUITests;
				PRODUCT_NAME = "$(TARGET_NAME)";
				SWIFT_EMIT_LOC_STRINGS = NO;
				SWIFT_VERSION = 5.0;
				TARGETED_DEVICE_FAMILY = "1,2";
				TEST_TARGET_NAME = Countries;
			};
			name = Debug;
		};
		2D33431A2B44CE4F0044C6C0 /* Release */ = {
			isa = XCBuildConfiguration;
			buildSettings = {
				ALWAYS_EMBED_SWIFT_STANDARD_LIBRARIES = YES;
				CODE_SIGN_STYLE = Automatic;
				CURRENT_PROJECT_VERSION = 1;
				DEVELOPMENT_TEAM = A2HKCL6A46;
				GENERATE_INFOPLIST_FILE = YES;
				MARKETING_VERSION = 1.0;
				PRODUCT_BUNDLE_IDENTIFIER = DI.CountriesUITests;
				PRODUCT_NAME = "$(TARGET_NAME)";
				SWIFT_EMIT_LOC_STRINGS = NO;
				SWIFT_VERSION = 5.0;
				TARGETED_DEVICE_FAMILY = "1,2";
				TEST_TARGET_NAME = Countries;
			};
			name = Release;
		};
/* End XCBuildConfiguration section */

/* Begin XCConfigurationList section */
		2D3342E32B44CE4D0044C6C0 /* Build configuration list for PBXProject "Countries" */ = {
			isa = XCConfigurationList;
			buildConfigurations = (
				2D3343102B44CE4F0044C6C0 /* Debug */,
				2D3343112B44CE4F0044C6C0 /* Release */,
			);
			defaultConfigurationIsVisible = 0;
			defaultConfigurationName = Release;
		};
		2D3343122B44CE4F0044C6C0 /* Build configuration list for PBXNativeTarget "Countries" */ = {
			isa = XCConfigurationList;
			buildConfigurations = (
				2D3343132B44CE4F0044C6C0 /* Debug */,
				2D3343142B44CE4F0044C6C0 /* Release */,
			);
			defaultConfigurationIsVisible = 0;
			defaultConfigurationName = Release;
		};
		2D3343152B44CE4F0044C6C0 /* Build configuration list for PBXNativeTarget "CountriesTests" */ = {
			isa = XCConfigurationList;
			buildConfigurations = (
				2D3343162B44CE4F0044C6C0 /* Debug */,
				2D3343172B44CE4F0044C6C0 /* Release */,
			);
			defaultConfigurationIsVisible = 0;
			defaultConfigurationName = Release;
		};
		2D3343182B44CE4F0044C6C0 /* Build configuration list for PBXNativeTarget "CountriesUITests" */ = {
			isa = XCConfigurationList;
			buildConfigurations = (
				2D3343192B44CE4F0044C6C0 /* Debug */,
				2D33431A2B44CE4F0044C6C0 /* Release */,
			);
			defaultConfigurationIsVisible = 0;
			defaultConfigurationName = Release;
		};
/* End XCConfigurationList section */
	};
	rootObject = 2D3342E02B44CE4D0044C6C0 /* Project object */;
}
